# This file was autogenerated by Stack.
# You should not edit this file by hand.
# For more information, please see the documentation at:
#   https://docs.haskellstack.org/en/stable/lock_files

packages: []
snapshots:
- completed:
    size: 536476
    url: https://raw.githubusercontent.com/commercialhaskell/stackage-snapshots/master/nightly/2020/10/8.yaml
    sha256: 1591135bc39fff3b7be11d16e5a7f44535df7778185ef1ecbcf80f5d035dc875
  original: nightly-2020-10-08
